
Microsoft Visual Studio Solution File, Format Version 12.00
# Visual Studio Version 17
VisualStudioVersion = 17.10.35027.167
MinimumVisualStudioVersion = 10.0.40219.1
Project("{FAE04EC0-301F-11D3-BF4B-00C04F79EFBC}") = "SocialMediaL", "SocialMediaL\SocialMediaL.csproj", "{3C8A79D5-528C-4C92-A10F-F235A83FAC8F}"
EndProject
Global
	GlobalSection(SolutionConfigurationPlatforms) = preSolution
		Debug|Any CPU = Debug|Any CPU
		Release|Any CPU = Release|Any CPU
	EndGlobalSection
	GlobalSection(ProjectConfigurationPlatforms) = postSolution
		{3C8A79D5-528C-4C92-A10F-F235A83FAC8F}.Debug|Any CPU.ActiveCfg = Debug|Any CPU
		{3C8A79D5-528C-4C92-A10F-F235A83FAC8F}.Debug|Any CPU.Build.0 = Debug|Any CPU
		{3C8A79D5-528C-4C92-A10F-F235A83FAC8F}.Release|Any CPU.ActiveCfg = Release|Any CPU
		{3C8A79D5-528C-4C92-A10F-F235A83FAC8F}.Release|Any CPU.Build.0 = Release|Any CPU
	EndGlobalSection
	GlobalSection(SolutionProperties) = preSolution
		HideSolutionNode = FALSE
	EndGlobalSection
	GlobalSection(ExtensibilityGlobals) = postSolution
		SolutionGuid = {78C1F12A-ABEE-4E5A-A548-2BDA3BA76387}
	EndGlobalSection
EndGlobal
